
Microsoft Visual Studio Solution File, Format Version 12.00
# Visual Studio Version 16
VisualStudioVersion = 16.0.32002.261
MinimumVisualStudioVersion = 10.0.40219.1
Project("{FAE04EC0-301F-11D3-BF4B-00C04F79EFBC}") = "Filters", "Filters.csproj", "{0F439923-BCE1-4612-84B9-BC90BA27748A}"
EndProject
Global
	GlobalSection(SolutionConfigurationPlatforms) = preSolution
		Debug|Any CPU = Debug|Any CPU
		Release|Any CPU = Release|Any CPU
	EndGlobalSection
	GlobalSection(ProjectConfigurationPlatforms) = postSolution
		{0F439923-BCE1-4612-84B9-BC90BA27748A}.Debug|Any CPU.ActiveCfg = Debug|Any CPU
		{0F439923-BCE1-4612-84B9-BC90BA27748A}.Debug|Any CPU.Build.0 = Debug|Any CPU
		{0F439923-BCE1-4612-84B9-BC90BA27748A}.Release|Any CPU.ActiveCfg = Release|Any CPU
		{0F439923-BCE1-4612-84B9-BC90BA27748A}.Release|Any CPU.Build.0 = Release|Any CPU
	EndGlobalSection
	GlobalSection(SolutionProperties) = preSolution
		HideSolutionNode = FALSE
	EndGlobalSection
	GlobalSection(ExtensibilityGlobals) = postSolution
		SolutionGuid = {9F946149-DB00-45D5-93D5-41BDF1F31339}
	EndGlobalSection
EndGlobal
